
Microsoft Visual Studio Solution File, Format Version 12.00
# Visual Studio Version 16
VisualStudioVersion = 16.0.30128.74
MinimumVisualStudioVersion = 10.0.40219.1
Project("{9A19103F-16F7-4668-BE54-9A1E7A4F7556}") = "ConsoleApp2", "ConsoleApp2\ConsoleApp2.csproj", "{9EB2A5E5-FA35-4550-ACE0-BC432CBD28F8}"
EndProject
Project("{2150E333-8FDC-42A3-9474-1A3956D46DE8}") = "Solution Items", "Solution Items", "{A9D993E5-92DF-4812-8697-F0416624E0B5}"
	ProjectSection(SolutionItems) = preProject
		.editorconfig = .editorconfig
	EndProjectSection
EndProject
Global
	GlobalSection(SolutionConfigurationPlatforms) = preSolution
		Debug|Any CPU = Debug|Any CPU
		Release|Any CPU = Release|Any CPU
	EndGlobalSection
	GlobalSection(ProjectConfigurationPlatforms) = postSolution
		{9EB2A5E5-FA35-4550-ACE0-BC432CBD28F8}.Debug|Any CPU.ActiveCfg = Debug|Any CPU
		{9EB2A5E5-FA35-4550-ACE0-BC432CBD28F8}.Debug|Any CPU.Build.0 = Debug|Any CPU
		{9EB2A5E5-FA35-4550-ACE0-BC432CBD28F8}.Release|Any CPU.ActiveCfg = Release|Any CPU
		{9EB2A5E5-FA35-4550-ACE0-BC432CBD28F8}.Release|Any CPU.Build.0 = Release|Any CPU
	EndGlobalSection
	GlobalSection(SolutionProperties) = preSolution
		HideSolutionNode = FALSE
	EndGlobalSection
	GlobalSection(ExtensibilityGlobals) = postSolution
		SolutionGuid = {81A3E14E-571E-498C-8381-7BA4141B4D64}
	EndGlobalSection
EndGlobal
